// !$*UTF8*$!
{
	archiveVersion = 1;
	classes = {
	};
	objectVersion = 46;
	objects = {

/* Begin PBXBuildFile section */
		E9039ECE1DF64C060025E8DF /* UPTableViewInterceptor.m in Sources */ = {isa = PBXBuildFile; fileRef = E9039ECD1DF64C060025E8DF /* UPTableViewInterceptor.m */; };
		E9E7EC8E1DF5475C0026A0AE /* UPConst.m in Sources */ = {isa = PBXBuildFile; fileRef = E9E7EC8D1DF5475C0026A0AE /* UPConst.m */; };
		E9E7EC911DF54BF00026A0AE /* UPTableViewController.m in Sources */ = {isa = PBXBuildFile; fileRef = E9E7EC901DF54BF00026A0AE /* UPTableViewController.m */; };
		E9E7EC941DF55AA70026A0AE /* UPDisplayViewCell.m in Sources */ = {isa = PBXBuildFile; fileRef = E9E7EC931DF55AA70026A0AE /* UPDisplayViewCell.m */; };
		E9F60B421DF2A6520009F1B9 /* main.m in Sources */ = {isa = PBXBuildFile; fileRef = E9F60B411DF2A6520009F1B9 /* main.m */; };
		E9F60B451DF2A6520009F1B9 /* AppDelegate.m in Sources */ = {isa = PBXBuildFile; fileRef = E9F60B441DF2A6520009F1B9 /* AppDelegate.m */; };
		E9F60B481DF2A6530009F1B9 /* ViewController.m in Sources */ = {isa = PBXBuildFile; fileRef = E9F60B471DF2A6530009F1B9 /* ViewController.m */; };
		E9F60B4B1DF2A6530009F1B9 /* Main.storyboard in Resources */ = {isa = PBXBuildFile; fileRef = E9F60B491DF2A6530009F1B9 /* Main.storyboard */; };
		E9F60B4D1DF2A6530009F1B9 /* Assets.xcassets in Resources */ = {isa = PBXBuildFile; fileRef = E9F60B4C1DF2A6530009F1B9 /* Assets.xcassets */; };
		E9F60B501DF2A6530009F1B9 /* LaunchScreen.storyboard in Resources */ = {isa = PBXBuildFile; fileRef = E9F60B4E1DF2A6530009F1B9 /* LaunchScreen.storyboard */; };
		E9F60B5B1DF2A6530009F1B9 /* UPTableViewDisplayTests.m in Sources */ = {isa = PBXBuildFile; fileRef = E9F60B5A1DF2A6530009F1B9 /* UPTableViewDisplayTests.m */; };
		E9F60B661DF2A6530009F1B9 /* UPTableViewDisplayUITests.m in Sources */ = {isa = PBXBuildFile; fileRef = E9F60B651DF2A6530009F1B9 /* UPTableViewDisplayUITests.m */; };
		E9F60B751DF2A7040009F1B9 /* UPScrollViewBar.m in Sources */ = {isa = PBXBuildFile; fileRef = E9F60B741DF2A7040009F1B9 /* UPScrollViewBar.m */; };
		E9F60B781DF2CAFC0009F1B9 /* UPTableViewDisplay.m in Sources */ = {isa = PBXBuildFile; fileRef = E9F60B771DF2CAFC0009F1B9 /* UPTableViewDisplay.m */; };
/* End PBXBuildFile section */

/* Begin PBXContainerItemProxy section */
		E9F60B571DF2A6530009F1B9 /* PBXContainerItemProxy */ = {
			isa = PBXContainerItemProxy;
			containerPortal = E9F60B351DF2A6510009F1B9 /* Project object */;
			proxyType = 1;
			remoteGlobalIDString = E9F60B3C1DF2A6510009F1B9;
			remoteInfo = UPTableViewDisplay;
		};
		E9F60B621DF2A6530009F1B9 /* PBXContainerItemProxy */ = {
			isa = PBXContainerItemProxy;
			containerPortal = E9F60B351DF2A6510009F1B9 /* Project object */;
			proxyType = 1;
			remoteGlobalIDString = E9F60B3C1DF2A6510009F1B9;
			remoteInfo = UPTableViewDisplay;
		};
/* End PBXContainerItemProxy section */

/* Begin PBXFileReference section */
		E9039ECC1DF64C060025E8DF /* UPTableViewInterceptor.h */ = {isa = PBXFileReference; fileEncoding = 4; lastKnownFileType = sourcecode.c.h; path = UPTableViewInterceptor.h; sourceTree = "<group>"; };
		E9039ECD1DF64C060025E8DF /* UPTableViewInterceptor.m */ = {isa = PBXFileReference; fileEncoding = 4; lastKnownFileType = sourcecode.c.objc; path = UPTableViewInterceptor.m; sourceTree = "<group>"; };
		E9E7EC891DF545490026A0AE /* PrefixHeader.pch */ = {isa = PBXFileReference; lastKnownFileType = sourcecode.c.h; path = PrefixHeader.pch; sourceTree = "<group>"; };
		E9E7EC8C1DF5475C0026A0AE /* UPConst.h */ = {isa = PBXFileReference; fileEncoding = 4; lastKnownFileType = sourcecode.c.h; path = UPConst.h; sourceTree = "<group>"; };
		E9E7EC8D1DF5475C0026A0AE /* UPConst.m */ = {isa = PBXFileReference; fileEncoding = 4; lastKnownFileType = sourcecode.c.objc; path = UPConst.m; sourceTree = "<group>"; };
		E9E7EC8F1DF54BF00026A0AE /* UPTableViewController.h */ = {isa = PBXFileReference; fileEncoding = 4; lastKnownFileType = sourcecode.c.h; path = UPTableViewController.h; sourceTree = "<group>"; };
		E9E7EC901DF54BF00026A0AE /* UPTableViewController.m */ = {isa = PBXFileReference; fileEncoding = 4; lastKnownFileType = sourcecode.c.objc; path = UPTableViewController.m; sourceTree = "<group>"; };
		E9E7EC921DF55AA70026A0AE /* UPDisplayViewCell.h */ = {isa = PBXFileReference; fileEncoding = 4; lastKnownFileType = sourcecode.c.h; path = UPDisplayViewCell.h; sourceTree = "<group>"; };
		E9E7EC931DF55AA70026A0AE /* UPDisplayViewCell.m */ = {isa = PBXFileReference; fileEncoding = 4; lastKnownFileType = sourcecode.c.objc; path = UPDisplayViewCell.m; sourceTree = "<group>"; };
		E9F60B3D1DF2A6510009F1B9 /* UPTableViewDisplay.app */ = {isa = PBXFileReference; explicitFileType = wrapper.application; includeInIndex = 0; path = UPTableViewDisplay.app; sourceTree = BUILT_PRODUCTS_DIR; };
		E9F60B411DF2A6520009F1B9 /* main.m */ = {isa = PBXFileReference; lastKnownFileType = sourcecode.c.objc; path = main.m; sourceTree = "<group>"; };
		E9F60B431DF2A6520009F1B9 /* AppDelegate.h */ = {isa = PBXFileReference; lastKnownFileType = sourcecode.c.h; path = AppDelegate.h; sourceTree = "<group>"; };
		E9F60B441DF2A6520009F1B9 /* AppDelegate.m */ = {isa = PBXFileReference; lastKnownFileType = sourcecode.c.objc; path = AppDelegate.m; sourceTree = "<group>"; };
		E9F60B461DF2A6530009F1B9 /* ViewController.h */ = {isa = PBXFileReference; lastKnownFileType = sourcecode.c.h; path = ViewController.h; sourceTree = "<group>"; };
		E9F60B471DF2A6530009F1B9 /* ViewController.m */ = {isa = PBXFileReference; lastKnownFileType = sourcecode.c.objc; path = ViewController.m; sourceTree = "<group>"; };
		E9F60B4A1DF2A6530009F1B9 /* Base */ = {isa = PBXFileReference; lastKnownFileType = file.storyboard; name = Base; path = Base.lproj/Main.storyboard; sourceTree = "<group>"; };
		E9F60B4C1DF2A6530009F1B9 /* Assets.xcassets */ = {isa = PBXFileReference; lastKnownFileType = folder.assetcatalog; path = Assets.xcassets; sourceTree = "<group>"; };
		E9F60B4F1DF2A6530009F1B9 /* Base */ = {isa = PBXFileReference; lastKnownFileType = file.storyboard; name = Base; path = Base.lproj/LaunchScreen.storyboard; sourceTree = "<group>"; };
		E9F60B511DF2A6530009F1B9 /* Info.plist */ = {isa = PBXFileReference; lastKnownFileType = text.plist.xml; path = Info.plist; sourceTree = "<group>"; };
		E9F60B561DF2A6530009F1B9 /* UPTableViewDisplayTests.xctest */ = {isa = PBXFileReference; explicitFileType = wrapper.cfbundle; includeInIndex = 0; path = UPTableViewDisplayTests.xctest; sourceTree = BUILT_PRODUCTS_DIR; };
		E9F60B5A1DF2A6530009F1B9 /* UPTableViewDisplayTests.m */ = {isa = PBXFileReference; lastKnownFileType = sourcecode.c.objc; path = UPTableViewDisplayTests.m; sourceTree = "<group>"; };
		E9F60B5C1DF2A6530009F1B9 /* Info.plist */ = {isa = PBXFileReference; lastKnownFileType = text.plist.xml; path = Info.plist; sourceTree = "<group>"; };
		E9F60B611DF2A6530009F1B9 /* UPTableViewDisplayUITests.xctest */ = {isa = PBXFileReference; explicitFileType = wrapper.cfbundle; includeInIndex = 0; path = UPTableViewDisplayUITests.xctest; sourceTree = BUILT_PRODUCTS_DIR; };
		E9F60B651DF2A6530009F1B9 /* UPTableViewDisplayUITests.m */ = {isa = PBXFileReference; lastKnownFileType = sourcecode.c.objc; path = UPTableViewDisplayUITests.m; sourceTree = "<group>"; };
		E9F60B671DF2A6530009F1B9 /* Info.plist */ = {isa = PBXFileReference; lastKnownFileType = text.plist.xml; path = Info.plist; sourceTree = "<group>"; };
		E9F60B731DF2A7040009F1B9 /* UPScrollViewBar.h */ = {isa = PBXFileReference; fileEncoding = 4; lastKnownFileType = sourcecode.c.h; path = UPScrollViewBar.h; sourceTree = "<group>"; };
		E9F60B741DF2A7040009F1B9 /* UPScrollViewBar.m */ = {isa = PBXFileReference; fileEncoding = 4; lastKnownFileType = sourcecode.c.objc; path = UPScrollViewBar.m; sourceTree = "<group>"; };
		E9F60B761DF2CAFC0009F1B9 /* UPTableViewDisplay.h */ = {isa = PBXFileReference; fileEncoding = 4; lastKnownFileType = sourcecode.c.h; path = UPTableViewDisplay.h; sourceTree = "<group>"; };
		E9F60B771DF2CAFC0009F1B9 /* UPTableViewDisplay.m */ = {isa = PBXFileReference; fileEncoding = 4; lastKnownFileType = sourcecode.c.objc; path = UPTableViewDisplay.m; sourceTree = "<group>"; };
/* End PBXFileReference section */

/* Begin PBXFrameworksBuildPhase section */
		E9F60B3A1DF2A6510009F1B9 /* Frameworks */ = {
			isa = PBXFrameworksBuildPhase;
			buildActionMask = 2147483647;
			files = (
			);
			runOnlyForDeploymentPostprocessing = 0;
		};
		E9F60B531DF2A6530009F1B9 /* Frameworks */ = {
			isa = PBXFrameworksBuildPhase;
			buildActionMask = 2147483647;
			files = (
			);
			runOnlyForDeploymentPostprocessing = 0;
		};
		E9F60B5E1DF2A6530009F1B9 /* Frameworks */ = {
			isa = PBXFrameworksBuildPhase;
			buildActionMask = 2147483647;
			files = (
			);
			runOnlyForDeploymentPostprocessing = 0;
		};
/* End PBXFrameworksBuildPhase section */

/* Begin PBXGroup section */
		E9039ECB1DF64BC80025E8DF /* Model */ = {
			isa = PBXGroup;
			children = (
				E9039ECC1DF64C060025E8DF /* UPTableViewInterceptor.h */,
				E9039ECD1DF64C060025E8DF /* UPTableViewInterceptor.m */,
			);
			name = Model;
			sourceTree = "<group>";
		};
		E9F60B341DF2A6510009F1B9 = {
			isa = PBXGroup;
			children = (
				E9F60B3F1DF2A6510009F1B9 /* UPTableViewDisplay */,
				E9F60B591DF2A6530009F1B9 /* UPTableViewDisplayTests */,
				E9F60B641DF2A6530009F1B9 /* UPTableViewDisplayUITests */,
				E9F60B3E1DF2A6510009F1B9 /* Products */,
			);
			sourceTree = "<group>";
		};
		E9F60B3E1DF2A6510009F1B9 /* Products */ = {
			isa = PBXGroup;
			children = (
				E9F60B3D1DF2A6510009F1B9 /* UPTableViewDisplay.app */,
				E9F60B561DF2A6530009F1B9 /* UPTableViewDisplayTests.xctest */,
				E9F60B611DF2A6530009F1B9 /* UPTableViewDisplayUITests.xctest */,
			);
			name = Products;
			sourceTree = "<group>";
		};
		E9F60B3F1DF2A6510009F1B9 /* UPTableViewDisplay */ = {
			isa = PBXGroup;
			children = (
				E9F60B431DF2A6520009F1B9 /* AppDelegate.h */,
				E9F60B441DF2A6520009F1B9 /* AppDelegate.m */,
				E9F60B7A1DF2CB190009F1B9 /* Controller */,
				E9039ECB1DF64BC80025E8DF /* Model */,
				E9F60B791DF2CB130009F1B9 /* View */,
				E9F60B401DF2A6520009F1B9 /* Supporting Files */,
			);
			path = UPTableViewDisplay;
			sourceTree = "<group>";
		};
		E9F60B401DF2A6520009F1B9 /* Supporting Files */ = {
			isa = PBXGroup;
			children = (
				E9E7EC8C1DF5475C0026A0AE /* UPConst.h */,
				E9E7EC8D1DF5475C0026A0AE /* UPConst.m */,
				E9E7EC891DF545490026A0AE /* PrefixHeader.pch */,
				E9F60B491DF2A6530009F1B9 /* Main.storyboard */,
				E9F60B4C1DF2A6530009F1B9 /* Assets.xcassets */,
				E9F60B4E1DF2A6530009F1B9 /* LaunchScreen.storyboard */,
				E9F60B511DF2A6530009F1B9 /* Info.plist */,
				E9F60B411DF2A6520009F1B9 /* main.m */,
			);
			name = "Supporting Files";
			sourceTree = "<group>";
		};
		E9F60B591DF2A6530009F1B9 /* UPTableViewDisplayTests */ = {
			isa = PBXGroup;
			children = (
				E9F60B5A1DF2A6530009F1B9 /* UPTableViewDisplayTests.m */,
				E9F60B5C1DF2A6530009F1B9 /* Info.plist */,
			);
			path = UPTableViewDisplayTests;
			sourceTree = "<group>";
		};
		E9F60B641DF2A6530009F1B9 /* UPTableViewDisplayUITests */ = {
			isa = PBXGroup;
			children = (
				E9F60B651DF2A6530009F1B9 /* UPTableViewDisplayUITests.m */,
				E9F60B671DF2A6530009F1B9 /* Info.plist */,
			);
			path = UPTableViewDisplayUITests;
			sourceTree = "<group>";
		};
		E9F60B791DF2CB130009F1B9 /* View */ = {
			isa = PBXGroup;
			children = (
				E9F60B731DF2A7040009F1B9 /* UPScrollViewBar.h */,
				E9F60B741DF2A7040009F1B9 /* UPScrollViewBar.m */,
				E9F60B761DF2CAFC0009F1B9 /* UPTableViewDisplay.h */,
				E9F60B771DF2CAFC0009F1B9 /* UPTableViewDisplay.m */,
				E9E7EC921DF55AA70026A0AE /* UPDisplayViewCell.h */,
				E9E7EC931DF55AA70026A0AE /* UPDisplayViewCell.m */,
			);
			name = View;
			sourceTree = "<group>";
		};
		E9F60B7A1DF2CB190009F1B9 /* Controller */ = {
			isa = PBXGroup;
			children = (
				E9F60B461DF2A6530009F1B9 /* ViewController.h */,
				E9F60B471DF2A6530009F1B9 /* ViewController.m */,
				E9E7EC8F1DF54BF00026A0AE /* UPTableViewController.h */,
				E9E7EC901DF54BF00026A0AE /* UPTableViewController.m */,
			);
			name = Controller;
			sourceTree = "<group>";
		};
/* End PBXGroup section */

/* Begin PBXNativeTarget section */
		E9F60B3C1DF2A6510009F1B9 /* UPTableViewDisplay */ = {
			isa = PBXNativeTarget;
			buildConfigurationList = E9F60B6A1DF2A6530009F1B9 /* Build configuration list for PBXNativeTarget "UPTableViewDisplay" */;
			buildPhases = (
				E9F60B391DF2A6510009F1B9 /* Sources */,
				E9F60B3A1DF2A6510009F1B9 /* Frameworks */,
				E9F60B3B1DF2A6510009F1B9 /* Resources */,
			);
			buildRules = (
			);
			dependencies = (
			);
			name = UPTableViewDisplay;
			productName = UPTableViewDisplay;
			productReference = E9F60B3D1DF2A6510009F1B9 /* UPTableViewDisplay.app */;
			productType = "com.apple.product-type.application";
		};
		E9F60B551DF2A6530009F1B9 /* UPTableViewDisplayTests */ = {
			isa = PBXNativeTarget;
			buildConfigurationList = E9F60B6D1DF2A6530009F1B9 /* Build configuration list for PBXNativeTarget "UPTableViewDisplayTests" */;
			buildPhases = (
				E9F60B521DF2A6530009F1B9 /* Sources */,
				E9F60B531DF2A6530009F1B9 /* Frameworks */,
				E9F60B541DF2A6530009F1B9 /* Resources */,
			);
			buildRules = (
			);
			dependencies = (
				E9F60B581DF2A6530009F1B9 /* PBXTargetDependency */,
			);
			name = UPTableViewDisplayTests;
			productName = UPTableViewDisplayTests;
			productReference = E9F60B561DF2A6530009F1B9 /* UPTableViewDisplayTests.xctest */;
			productType = "com.apple.product-type.bundle.unit-test";
		};
		E9F60B601DF2A6530009F1B9 /* UPTableViewDisplayUITests */ = {
			isa = PBXNativeTarget;
			buildConfigurationList = E9F60B701DF2A6530009F1B9 /* Build configuration list for PBXNativeTarget "UPTableViewDisplayUITests" */;
			buildPhases = (
				E9F60B5D1DF2A6530009F1B9 /* Sources */,
				E9F60B5E1DF2A6530009F1B9 /* Frameworks */,
				E9F60B5F1DF2A6530009F1B9 /* Resources */,
			);
			buildRules = (
			);
			dependencies = (
				E9F60B631DF2A6530009F1B9 /* PBXTargetDependency */,
			);
			name = UPTableViewDisplayUITests;
			productName = UPTableViewDisplayUITests;
			productReference = E9F60B611DF2A6530009F1B9 /* UPTableViewDisplayUITests.xctest */;
			productType = "com.apple.product-type.bundle.ui-testing";
		};
/* End PBXNativeTarget section */

/* Begin PBXProject section */
		E9F60B351DF2A6510009F1B9 /* Project object */ = {
			isa = PBXProject;
			attributes = {
				LastUpgradeCheck = 0810;
				ORGANIZATIONNAME = "李锦民";
				TargetAttributes = {
					E9F60B3C1DF2A6510009F1B9 = {
						CreatedOnToolsVersion = 8.1;
						ProvisioningStyle = Automatic;
					};
					E9F60B551DF2A6530009F1B9 = {
						CreatedOnToolsVersion = 8.1;
						ProvisioningStyle = Automatic;
						TestTargetID = E9F60B3C1DF2A6510009F1B9;
					};
					E9F60B601DF2A6530009F1B9 = {
						CreatedOnToolsVersion = 8.1;
						ProvisioningStyle = Automatic;
						TestTargetID = E9F60B3C1DF2A6510009F1B9;
					};
				};
			};
			buildConfigurationList = E9F60B381DF2A6510009F1B9 /* Build configuration list for PBXProject "UPTableViewDisplay" */;
			compatibilityVersion = "Xcode 3.2";
			developmentRegion = English;
			hasScannedForEncodings = 0;
			knownRegions = (
				en,
				Base,
			);
			mainGroup = E9F60B341DF2A6510009F1B9;
			productRefGroup = E9F60B3E1DF2A6510009F1B9 /* Products */;
			projectDirPath = "";
			projectRoot = "";
			targets = (
				E9F60B3C1DF2A6510009F1B9 /* UPTableViewDisplay */,
				E9F60B551DF2A6530009F1B9 /* UPTableViewDisplayTests */,
				E9F60B601DF2A6530009F1B9 /* UPTableViewDisplayUITests */,
			);
		};
/* End PBXProject section */

/* Begin PBXResourcesBuildPhase section */
		E9F60B3B1DF2A6510009F1B9 /* Resources */ = {
			isa = PBXResourcesBuildPhase;
			buildActionMask = 2147483647;
			files = (
				E9F60B501DF2A6530009F1B9 /* LaunchScreen.storyboard in Resources */,
				E9F60B4D1DF2A6530009F1B9 /* Assets.xcassets in Resources */,
				E9F60B4B1DF2A6530009F1B9 /* Main.storyboard in Resources */,
			);
			runOnlyForDeploymentPostprocessing = 0;
		};
		E9F60B541DF2A6530009F1B9 /* Resources */ = {
			isa = PBXResourcesBuildPhase;
			buildActionMask = 2147483647;
			files = (
			);
			runOnlyForDeploymentPostprocessing = 0;
		};
		E9F60B5F1DF2A6530009F1B9 /* Resources */ = {
			isa = PBXResourcesBuildPhase;
			buildActionMask = 2147483647;
			files = (
			);
			runOnlyForDeploymentPostprocessing = 0;
		};
/* End PBXResourcesBuildPhase section */

/* Begin PBXSourcesBuildPhase section */
		E9F60B391DF2A6510009F1B9 /* Sources */ = {
			isa = PBXSourcesBuildPhase;
			buildActionMask = 2147483647;
			files = (
				E9E7EC911DF54BF00026A0AE /* UPTableViewController.m in Sources */,
				E9F60B781DF2CAFC0009F1B9 /* UPTableViewDisplay.m in Sources */,
				E9F60B751DF2A7040009F1B9 /* UPScrollViewBar.m in Sources */,
				E9E7EC8E1DF5475C0026A0AE /* UPConst.m in Sources */,
				E9E7EC941DF55AA70026A0AE /* UPDisplayViewCell.m in Sources */,
				E9F60B481DF2A6530009F1B9 /* ViewController.m in Sources */,
				E9F60B451DF2A6520009F1B9 /* AppDelegate.m in Sources */,
				E9039ECE1DF64C060025E8DF /* UPTableViewInterceptor.m in Sources */,
				E9F60B421DF2A6520009F1B9 /* main.m in Sources */,
			);
			runOnlyForDeploymentPostprocessing = 0;
		};
		E9F60B521DF2A6530009F1B9 /* Sources */ = {
			isa = PBXSourcesBuildPhase;
			buildActionMask = 2147483647;
			files = (
				E9F60B5B1DF2A6530009F1B9 /* UPTableViewDisplayTests.m in Sources */,
			);
			runOnlyForDeploymentPostprocessing = 0;
		};
		E9F60B5D1DF2A6530009F1B9 /* Sources */ = {
			isa = PBXSourcesBuildPhase;
			buildActionMask = 2147483647;
			files = (
				E9F60B661DF2A6530009F1B9 /* UPTableViewDisplayUITests.m in Sources */,
			);
			runOnlyForDeploymentPostprocessing = 0;
		};
/* End PBXSourcesBuildPhase section */

/* Begin PBXTargetDependency section */
		E9F60B581DF2A6530009F1B9 /* PBXTargetDependency */ = {
			isa = PBXTargetDependency;
			target = E9F60B3C1DF2A6510009F1B9 /* UPTableViewDisplay */;
			targetProxy = E9F60B571DF2A6530009F1B9 /* PBXContainerItemProxy */;
		};
		E9F60B631DF2A6530009F1B9 /* PBXTargetDependency */ = {
			isa = PBXTargetDependency;
			target = E9F60B3C1DF2A6510009F1B9 /* UPTableViewDisplay */;
			targetProxy = E9F60B621DF2A6530009F1B9 /* PBXContainerItemProxy */;
		};
/* End PBXTargetDependency section */

/* Begin PBXVariantGroup section */
		E9F60B491DF2A6530009F1B9 /* Main.storyboard */ = {
			isa = PBXVariantGroup;
			children = (
				E9F60B4A1DF2A6530009F1B9 /* Base */,
			);
			name = Main.storyboard;
			sourceTree = "<group>";
		};
		E9F60B4E1DF2A6530009F1B9 /* LaunchScreen.storyboard */ = {
			isa = PBXVariantGroup;
			children = (
				E9F60B4F1DF2A6530009F1B9 /* Base */,
			);
			name = LaunchScreen.storyboard;
			sourceTree = "<group>";
		};
/* End PBXVariantGroup section */

/* Begin XCBuildConfiguration section */
		E9F60B681DF2A6530009F1B9 /* Debug */ = {
			isa = XCBuildConfiguration;
			buildSettings = {
				ALWAYS_SEARCH_USER_PATHS = NO;
				CLANG_ANALYZER_NONNULL = YES;
				CLANG_CXX_LANGUAGE_STANDARD = "gnu++0x";
				CLANG_CXX_LIBRARY = "libc++";
				CLANG_ENABLE_MODULES = YES;
				CLANG_ENABLE_OBJC_ARC = YES;
				CLANG_WARN_BOOL_CONVERSION = YES;
				CLANG_WARN_CONSTANT_CONVERSION = YES;
				CLANG_WARN_DIRECT_OBJC_ISA_USAGE = YES_ERROR;
				CLANG_WARN_DOCUMENTATION_COMMENTS = YES;
				CLANG_WARN_EMPTY_BODY = YES;
				CLANG_WARN_ENUM_CONVERSION = YES;
				CLANG_WARN_INFINITE_RECURSION = YES;
				CLANG_WARN_INT_CONVERSION = YES;
				CLANG_WARN_OBJC_ROOT_CLASS = YES_ERROR;
				CLANG_WARN_SUSPICIOUS_MOVES = YES;
				CLANG_WARN_UNREACHABLE_CODE = YES;
				CLANG_WARN__DUPLICATE_METHOD_MATCH = YES;
				"CODE_SIGN_IDENTITY[sdk=iphoneos*]" = "iPhone Developer";
				COPY_PHASE_STRIP = NO;
				DEBUG_INFORMATION_FORMAT = dwarf;
				ENABLE_STRICT_OBJC_MSGSEND = YES;
				ENABLE_TESTABILITY = YES;
				GCC_C_LANGUAGE_STANDARD = gnu99;
				GCC_DYNAMIC_NO_PIC = NO;
				GCC_NO_COMMON_BLOCKS = YES;
				GCC_OPTIMIZATION_LEVEL = 0;
				GCC_PREPROCESSOR_DEFINITIONS = (
					"DEBUG=1",
					"$(inherited)",
				);
				GCC_WARN_64_TO_32_BIT_CONVERSION = YES;
				GCC_WARN_ABOUT_RETURN_TYPE = YES_ERROR;
				GCC_WARN_UNDECLARED_SELECTOR = YES;
				GCC_WARN_UNINITIALIZED_AUTOS = YES_AGGRESSIVE;
				GCC_WARN_UNUSED_FUNCTION = YES;
				GCC_WARN_UNUSED_VARIABLE = YES;
				IPHONEOS_DEPLOYMENT_TARGET = 10.1;
				MTL_ENABLE_DEBUG_INFO = YES;
				ONLY_ACTIVE_ARCH = YES;
				SDKROOT = iphoneos;
			};
			name = Debug;
		};
		E9F60B691DF2A6530009F1B9 /* Release */ = {
			isa = XCBuildConfiguration;
			buildSettings = {
				ALWAYS_SEARCH_USER_PATHS = NO;
				CLANG_ANALYZER_NONNULL = YES;
				CLANG_CXX_LANGUAGE_STANDARD = "gnu++0x";
				CLANG_CXX_LIBRARY = "libc++";
				CLANG_ENABLE_MODULES = YES;
				CLANG_ENABLE_OBJC_ARC = YES;
				CLANG_WARN_BOOL_CONVERSION = YES;
				CLANG_WARN_CONSTANT_CONVERSION = YES;
				CLANG_WARN_DIRECT_OBJC_ISA_USAGE = YES_ERROR;
				CLANG_WARN_DOCUMENTATION_COMMENTS = YES;
				CLANG_WARN_EMPTY_BODY = YES;
				CLANG_WARN_ENUM_CONVERSION = YES;
				CLANG_WARN_INFINITE_RECURSION = YES;
				CLANG_WARN_INT_CONVERSION = YES;
				CLANG_WARN_OBJC_ROOT_CLASS = YES_ERROR;
				CLANG_WARN_SUSPICIOUS_MOVES = YES;
				CLANG_WARN_UNREACHABLE_CODE = YES;
				CLANG_WARN__DUPLICATE_METHOD_MATCH = YES;
				"CODE_SIGN_IDENTITY[sdk=iphoneos*]" = "iPhone Developer";
				COPY_PHASE_STRIP = NO;
				DEBUG_INFORMATION_FORMAT = "dwarf-with-dsym";
				ENABLE_NS_ASSERTIONS = NO;
				ENABLE_STRICT_OBJC_MSGSEND = YES;
				GCC_C_LANGUAGE_STANDARD = gnu99;
				GCC_NO_COMMON_BLOCKS = YES;
				GCC_WARN_64_TO_32_BIT_CONVERSION = YES;
				GCC_WARN_ABOUT_RETURN_TYPE = YES_ERROR;
				GCC_WARN_UNDECLARED_SELECTOR = YES;
				GCC_WARN_UNINITIALIZED_AUTOS = YES_AGGRESSIVE;
				GCC_WARN_UNUSED_FUNCTION = YES;
				GCC_WARN_UNUSED_VARIABLE = YES;
				IPHONEOS_DEPLOYMENT_TARGET = 10.1;
				MTL_ENABLE_DEBUG_INFO = NO;
				SDKROOT = iphoneos;
				VALIDATE_PRODUCT = YES;
			};
			name = Release;
		};
		E9F60B6B1DF2A6530009F1B9 /* Debug */ = {
			isa = XCBuildConfiguration;
			buildSettings = {
				ASSETCATALOG_COMPILER_APPICON_NAME = AppIcon;
				GCC_PRECOMPILE_PREFIX_HEADER = YES;
				GCC_PREFIX_HEADER = UPTableViewDisplay/PrefixHeader.pch;
				INFOPLIST_FILE = UPTableViewDisplay/Info.plist;
				IPHONEOS_DEPLOYMENT_TARGET = 9.1;
				LD_RUNPATH_SEARCH_PATHS = "$(inherited) @executable_path/Frameworks";
				PRODUCT_BUNDLE_IDENTIFIER = JM.UPTableViewDisplay;
				PRODUCT_NAME = "$(TARGET_NAME)";
			};
			name = Debug;
		};
		E9F60B6C1DF2A6530009F1B9 /* Release */ = {
			isa = XCBuildConfiguration;
			buildSettings = {
				ASSETCATALOG_COMPILER_APPICON_NAME = AppIcon;
				GCC_PRECOMPILE_PREFIX_HEADER = YES;
				GCC_PREFIX_HEADER = UPTableViewDisplay/PrefixHeader.pch;
				INFOPLIST_FILE = UPTableViewDisplay/Info.plist;
				IPHONEOS_DEPLOYMENT_TARGET = 9.1;
				LD_RUNPATH_SEARCH_PATHS = "$(inherited) @executable_path/Frameworks";
				PRODUCT_BUNDLE_IDENTIFIER = JM.UPTableViewDisplay;
				PRODUCT_NAME = "$(TARGET_NAME)";
			};
			name = Release;
		};
		E9F60B6E1DF2A6530009F1B9 /* Debug */ = {
			isa = XCBuildConfiguration;
			buildSettings = {
				BUNDLE_LOADER = "$(TEST_HOST)";
				INFOPLIST_FILE = UPTableViewDisplayTests/Info.plist;
				LD_RUNPATH_SEARCH_PATHS = "$(inherited) @executable_path/Frameworks @loader_path/Frameworks";
				PRODUCT_BUNDLE_IDENTIFIER = JM.UPTableViewDisplayTests;
				PRODUCT_NAME = "$(TARGET_NAME)";
				TEST_HOST = "$(BUILT_PRODUCTS_DIR)/UPTableViewDisplay.app/UPTableViewDisplay";
			};
			name = Debug;
		};
		E9F60B6F1DF2A6530009F1B9 /* Release */ = {
			isa = XCBuildConfiguration;
			buildSettings = {
				BUNDLE_LOADER = "$(TEST_HOST)";
				INFOPLIST_FILE = UPTableViewDisplayTests/Info.plist;
				LD_RUNPATH_SEARCH_PATHS = "$(inherited) @executable_path/Frameworks @loader_path/Frameworks";
				PRODUCT_BUNDLE_IDENTIFIER = JM.UPTableViewDisplayTests;
				PRODUCT_NAME = "$(TARGET_NAME)";
				TEST_HOST = "$(BUILT_PRODUCTS_DIR)/UPTableViewDisplay.app/UPTableViewDisplay";
			};
			name = Release;
		};
		E9F60B711DF2A6530009F1B9 /* Debug */ = {
			isa = XCBuildConfiguration;
			buildSettings = {
				INFOPLIST_FILE = UPTableViewDisplayUITests/Info.plist;
				LD_RUNPATH_SEARCH_PATHS = "$(inherited) @executable_path/Frameworks @loader_path/Frameworks";
				PRODUCT_BUNDLE_IDENTIFIER = JM.UPTableViewDisplayUITests;
				PRODUCT_NAME = "$(TARGET_NAME)";
				TEST_TARGET_NAME = UPTableViewDisplay;
			};
			name = Debug;
		};
		E9F60B721DF2A6530009F1B9 /* Release */ = {
			isa = XCBuildConfiguration;
			buildSettings = {
				INFOPLIST_FILE = UPTableViewDisplayUITests/Info.plist;
				LD_RUNPATH_SEARCH_PATHS = "$(inherited) @executable_path/Frameworks @loader_path/Frameworks";
				PRODUCT_BUNDLE_IDENTIFIER = JM.UPTableViewDisplayUITests;
				PRODUCT_NAME = "$(TARGET_NAME)";
				TEST_TARGET_NAME = UPTableViewDisplay;
			};
			name = Release;
		};
/* End XCBuildConfiguration section */

/* Begin XCConfigurationList section */
		E9F60B381DF2A6510009F1B9 /* Build configuration list for PBXProject "UPTableViewDisplay" */ = {
			isa = XCConfigurationList;
			buildConfigurations = (
				E9F60B681DF2A6530009F1B9 /* Debug */,
				E9F60B691DF2A6530009F1B9 /* Release */,
			);
			defaultConfigurationIsVisible = 0;
			defaultConfigurationName = Release;
		};
		E9F60B6A1DF2A6530009F1B9 /* Build configuration list for PBXNativeTarget "UPTableViewDisplay" */ = {
			isa = XCConfigurationList;
			buildConfigurations = (
				E9F60B6B1DF2A6530009F1B9 /* Debug */,
				E9F60B6C1DF2A6530009F1B9 /* Release */,
			);
			defaultConfigurationIsVisible = 0;
			defaultConfigurationName = Release;
		};
		E9F60B6D1DF2A6530009F1B9 /* Build configuration list for PBXNativeTarget "UPTableViewDisplayTests" */ = {
			isa = XCConfigurationList;
			buildConfigurations = (
				E9F60B6E1DF2A6530009F1B9 /* Debug */,
				E9F60B6F1DF2A6530009F1B9 /* Release */,
			);
			defaultConfigurationIsVisible = 0;
			defaultConfigurationName = Release;
		};
		E9F60B701DF2A6530009F1B9 /* Build configuration list for PBXNativeTarget "UPTableViewDisplayUITests" */ = {
			isa = XCConfigurationList;
			buildConfigurations = (
				E9F60B711DF2A6530009F1B9 /* Debug */,
				E9F60B721DF2A6530009F1B9 /* Release */,
			);
			defaultConfigurationIsVisible = 0;
			defaultConfigurationName = Release;
		};
/* End XCConfigurationList section */
	};
	rootObject = E9F60B351DF2A6510009F1B9 /* Project object */;
}
